
Microsoft Visual Studio Solution File, Format Version 12.00
# Visual Studio 15
Project("{FAE04EC0-301F-11D3-BF4B-00C04F79EFBC}") = "Hello", "Hello\Hello.csproj", "{4AFD94F4-19ED-4B1F-A973-712C60EFAA43}"
EndProject
Global
	GlobalSection(SolutionConfigurationPlatforms) = preSolution
		Debug|Any CPU = Debug|Any CPU
		Release|Any CPU = Release|Any CPU
	EndGlobalSection
	GlobalSection(ProjectConfigurationPlatforms) = postSolution
		{4AFD94F4-19ED-4B1F-A973-712C60EFAA43}.Debug|Any CPU.ActiveCfg = Debug|Any CPU
		{4AFD94F4-19ED-4B1F-A973-712C60EFAA43}.Debug|Any CPU.Build.0 = Debug|Any CPU
		{4AFD94F4-19ED-4B1F-A973-712C60EFAA43}.Release|Any CPU.ActiveCfg = Release|Any CPU
		{4AFD94F4-19ED-4B1F-A973-712C60EFAA43}.Release|Any CPU.Build.0 = Release|Any CPU
	EndGlobalSection
EndGlobal
